
Microsoft Visual Studio Solution File, Format Version 12.00
# Visual Studio 15
VisualStudioVersion = 15.0.28307.1062
MinimumVisualStudioVersion = 10.0.40219.1
Project("{FAE04EC0-301F-11D3-BF4B-00C04F79EFBC}") = "live", "live\live.csproj", "{AA0B3FD9-05B2-42DA-B3C4-09903333E233}"
EndProject
Global
	GlobalSection(SolutionConfigurationPlatforms) = preSolution
		Debug|Any CPU = Debug|Any CPU
		Release|Any CPU = Release|Any CPU
	EndGlobalSection
	GlobalSection(ProjectConfigurationPlatforms) = postSolution
		{AA0B3FD9-05B2-42DA-B3C4-09903333E233}.Debug|Any CPU.ActiveCfg = Debug|Any CPU
		{AA0B3FD9-05B2-42DA-B3C4-09903333E233}.Debug|Any CPU.Build.0 = Debug|Any CPU
		{AA0B3FD9-05B2-42DA-B3C4-09903333E233}.Release|Any CPU.ActiveCfg = Release|Any CPU
		{AA0B3FD9-05B2-42DA-B3C4-09903333E233}.Release|Any CPU.Build.0 = Release|Any CPU
	EndGlobalSection
	GlobalSection(SolutionProperties) = preSolution
		HideSolutionNode = FALSE
	EndGlobalSection
	GlobalSection(ExtensibilityGlobals) = postSolution
		SolutionGuid = {06597B79-A53A-4189-8C36-460D75C17727}
	EndGlobalSection
EndGlobal
